<Solution>
  <Project Path="Workflow.Api/Workflow.Api.csproj" />
  <Project Path="Workflow.Application/Workflow.Application.csproj" />
  <Project Path="Workflow.Domain.Tests/Workflow.Domain.Tests.csproj" />
  <Project Path="Workflow.Domain/Workflow.Domain.csproj" />
  <Project Path="Workflow.Infrastructure/Workflow.Infrastructure.csproj" />
</Solution>
